
Microsoft Visual Studio Solution File, Format Version 12.00
# Visual Studio Version 17
VisualStudioVersion = 17.13.35913.81 d17.13
MinimumVisualStudioVersion = 10.0.40219.1
Project("{FAE04EC0-301F-11D3-BF4B-00C04F79EFBC}") = "StudentAPI", "StudentAPI.csproj", "{DCA77D1C-BDF9-40B8-A9F3-92D5D0BF6D95}"
EndProject
Project("{FAE04EC0-301F-11D3-BF4B-00C04F79EFBC}") = "StudentAPIBusinessLayer", "..\StudentAPIBusinessLayer\StudentAPIBusinessLayer.csproj", "{0EDC5A52-4956-4AE2-AF7E-84BF18C065C3}"
EndProject
Project("{FAE04EC0-301F-11D3-BF4B-00C04F79EFBC}") = "StudentDataAccessLayer", "..\StudentDataAccessLayer\StudentDataAccessLayer.csproj", "{3FC25A27-240C-45B8-B3B5-963978507B99}"
EndProject
Global
	GlobalSection(SolutionConfigurationPlatforms) = preSolution
		Debug|Any CPU = Debug|Any CPU
		Release|Any CPU = Release|Any CPU
	EndGlobalSection
	GlobalSection(ProjectConfigurationPlatforms) = postSolution
		{DCA77D1C-BDF9-40B8-A9F3-92D5D0BF6D95}.Debug|Any CPU.ActiveCfg = Debug|Any CPU
		{DCA77D1C-BDF9-40B8-A9F3-92D5D0BF6D95}.Debug|Any CPU.Build.0 = Debug|Any CPU
		{DCA77D1C-BDF9-40B8-A9F3-92D5D0BF6D95}.Release|Any CPU.ActiveCfg = Release|Any CPU
		{DCA77D1C-BDF9-40B8-A9F3-92D5D0BF6D95}.Release|Any CPU.Build.0 = Release|Any CPU
		{0EDC5A52-4956-4AE2-AF7E-84BF18C065C3}.Debug|Any CPU.ActiveCfg = Debug|Any CPU
		{0EDC5A52-4956-4AE2-AF7E-84BF18C065C3}.Debug|Any CPU.Build.0 = Debug|Any CPU
		{0EDC5A52-4956-4AE2-AF7E-84BF18C065C3}.Release|Any CPU.ActiveCfg = Release|Any CPU
		{0EDC5A52-4956-4AE2-AF7E-84BF18C065C3}.Release|Any CPU.Build.0 = Release|Any CPU
		{3FC25A27-240C-45B8-B3B5-963978507B99}.Debug|Any CPU.ActiveCfg = Debug|Any CPU
		{3FC25A27-240C-45B8-B3B5-963978507B99}.Debug|Any CPU.Build.0 = Debug|Any CPU
		{3FC25A27-240C-45B8-B3B5-963978507B99}.Release|Any CPU.ActiveCfg = Release|Any CPU
		{3FC25A27-240C-45B8-B3B5-963978507B99}.Release|Any CPU.Build.0 = Release|Any CPU
	EndGlobalSection
	GlobalSection(SolutionProperties) = preSolution
		HideSolutionNode = FALSE
	EndGlobalSection
	GlobalSection(ExtensibilityGlobals) = postSolution
		SolutionGuid = {F9DFCDEB-31DC-4F8E-8799-351386195273}
	EndGlobalSection
EndGlobal
